
Microsoft Visual Studio Solution File, Format Version 12.00
# Visual Studio Version 17
VisualStudioVersion = 17.13.35931.197 d17.13
MinimumVisualStudioVersion = 10.0.40219.1
Project("{FAE04EC0-301F-11D3-BF4B-00C04F79EFBC}") = "Bun&Ducky", "Bun&Ducky\Bun&Ducky.csproj", "{55661A9E-FF08-49EF-88CA-146B7804B815}"
EndProject
Global
	GlobalSection(SolutionConfigurationPlatforms) = preSolution
		Debug|Any CPU = Debug|Any CPU
		Release|Any CPU = Release|Any CPU
	EndGlobalSection
	GlobalSection(ProjectConfigurationPlatforms) = postSolution
		{55661A9E-FF08-49EF-88CA-146B7804B815}.Debug|Any CPU.ActiveCfg = Debug|Any CPU
		{55661A9E-FF08-49EF-88CA-146B7804B815}.Debug|Any CPU.Build.0 = Debug|Any CPU
		{55661A9E-FF08-49EF-88CA-146B7804B815}.Release|Any CPU.ActiveCfg = Release|Any CPU
		{55661A9E-FF08-49EF-88CA-146B7804B815}.Release|Any CPU.Build.0 = Release|Any CPU
	EndGlobalSection
	GlobalSection(SolutionProperties) = preSolution
		HideSolutionNode = FALSE
	EndGlobalSection
	GlobalSection(ExtensibilityGlobals) = postSolution
		SolutionGuid = {0467BC6A-0E86-4BF3-AAE1-2BF76ECB4820}
	EndGlobalSection
EndGlobal
